{
  "name": "backend",
  "version": "1.0.0",
  "lockfileVersion": 3,
  "requires": true,
  "packages": {
    "": {
      "name": "backend",
      "version": "1.0.0",
      "license": "ISC",
      "dependencies": {
        "minecraft-server-util": "^5.4.4",
        "ws": "^8.18.0"
      }
    },
    "node_modules/minecraft-motd-util": {
      "version": "1.1.12",
      "resolved": "https://registry.npmjs.org/minecraft-motd-util/-/minecraft-motd-util-1.1.12.tgz",
      "integrity": "sha512-5TuTRjrRupSTruea0nRC37r0FdhkS1O4wIJKAYfwJRCQd/X4Zyl/dVIs96h9UVW6N8jhIuz9pNkrDsqyN7VBdA==",
      "deprecated": "no longer maintained"
    },
    "node_modules/minecraft-server-util": {
      "version": "5.4.4",
      "resolved": "https://registry.npmjs.org/minecraft-server-util/-/minecraft-server-util-5.4.4.tgz",
      "integrity": "sha512-uaE0N9PHPtJudi8BlCvKDD9K30w23ZpeS1I53wEJo9nX0HSmg5qFvwj8gMG0CYCUwWH/g5hjKaGAwXXN/vhMJw==",
      "deprecated": "no longer maintained, please use https://mcstatus.io",
      "dependencies": {
        "minecraft-motd-util": "^1.1.9"
      },
      "engines": {
        "node": ">=10.0.0"
      }
    },
    "node_modules/ws": {
      "version": "8.18.0",
      "resolved": "https://registry.npmjs.org/ws/-/ws-8.18.0.tgz",
      "integrity": "sha512-8VbfWfHLbbwu3+N6OKsOMpBdT4kXPDDB9cJk2bJ6mh9ucxdlnNvH1e+roYkKmN9Nxw2yjz7VzeO9oOz2zJ04Pw==",
      "engines": {
        "node": ">=10.0.0"
      },
      "peerDependencies": {
        "bufferutil": "^4.0.1",
        "utf-8-validate": ">=5.0.2"
      },
      "peerDependenciesMeta": {
        "bufferutil": {
          "optional": true
        },
        "utf-8-validate": {
          "optional": true
        }
      }
    }
  }
}
